// !$*UTF8*$!
{
	archiveVersion = 1;
	classes = {
	};
	objectVersion = 56;
	objects = {

/* Begin PBXBuildFile section */
		4918A2D62BB034D0007AF645 /* AppDelegate.swift in Sources */ = {isa = PBXBuildFile; fileRef = 4918A2D52BB034D0007AF645 /* AppDelegate.swift */; };
		4918A2D82BB034D0007AF645 /* SceneDelegate.swift in Sources */ = {isa = PBXBuildFile; fileRef = 4918A2D72BB034D0007AF645 /* SceneDelegate.swift */; };
		4918A2DA2BB034D0007AF645 /* ViewController.swift in Sources */ = {isa = PBXBuildFile; fileRef = 4918A2D92BB034D0007AF645 /* ViewController.swift */; };
		4918A2DD2BB034D0007AF645 /* Main.storyboard in Resources */ = {isa = PBXBuildFile; fileRef = 4918A2DB2BB034D0007AF645 /* Main.storyboard */; };
		4918A2E02BB034D0007AF645 /* ParentalControl_Software.xcdatamodeld in Sources */ = {isa = PBXBuildFile; fileRef = 4918A2DE2BB034D0007AF645 /* ParentalControl_Software.xcdatamodeld */; };
		4918A2E22BB034D1007AF645 /* Assets.xcassets in Resources */ = {isa = PBXBuildFile; fileRef = 4918A2E12BB034D1007AF645 /* Assets.xcassets */; };
		4918A2E52BB034D1007AF645 /* LaunchScreen.storyboard in Resources */ = {isa = PBXBuildFile; fileRef = 4918A2E32BB034D1007AF645 /* LaunchScreen.storyboard */; };
		4918A2F02BB034D2007AF645 /* ParentalControl_SoftwareTests.swift in Sources */ = {isa = PBXBuildFile; fileRef = 4918A2EF2BB034D2007AF645 /* ParentalControl_SoftwareTests.swift */; };
		4918A2FA2BB034D2007AF645 /* ParentalControl_SoftwareUITests.swift in Sources */ = {isa = PBXBuildFile; fileRef = 4918A2F92BB034D2007AF645 /* ParentalControl_SoftwareUITests.swift */; };
		4918A2FC2BB034D2007AF645 /* ParentalControl_SoftwareUITestsLaunchTests.swift in Sources */ = {isa = PBXBuildFile; fileRef = 4918A2FB2BB034D2007AF645 /* ParentalControl_SoftwareUITestsLaunchTests.swift */; };
/* End PBXBuildFile section */

/* Begin PBXContainerItemProxy section */
		4918A2EC2BB034D2007AF645 /* PBXContainerItemProxy */ = {
			isa = PBXContainerItemProxy;
			containerPortal = 4918A2CA2BB034D0007AF645 /* Project object */;
			proxyType = 1;
			remoteGlobalIDString = 4918A2D12BB034D0007AF645;
			remoteInfo = "ParentalControl Software";
		};
		4918A2F62BB034D2007AF645 /* PBXContainerItemProxy */ = {
			isa = PBXContainerItemProxy;
			containerPortal = 4918A2CA2BB034D0007AF645 /* Project object */;
			proxyType = 1;
			remoteGlobalIDString = 4918A2D12BB034D0007AF645;
			remoteInfo = "ParentalControl Software";
		};
/* End PBXContainerItemProxy section */

/* Begin PBXFileReference section */
		4918A2D22BB034D0007AF645 /* ParentalControl Software.app */ = {isa = PBXFileReference; explicitFileType = wrapper.application; includeInIndex = 0; path = "ParentalControl Software.app"; sourceTree = BUILT_PRODUCTS_DIR; };
		4918A2D52BB034D0007AF645 /* AppDelegate.swift */ = {isa = PBXFileReference; lastKnownFileType = sourcecode.swift; path = AppDelegate.swift; sourceTree = "<group>"; };
		4918A2D72BB034D0007AF645 /* SceneDelegate.swift */ = {isa = PBXFileReference; lastKnownFileType = sourcecode.swift; path = SceneDelegate.swift; sourceTree = "<group>"; };
		4918A2D92BB034D0007AF645 /* ViewController.swift */ = {isa = PBXFileReference; lastKnownFileType = sourcecode.swift; path = ViewController.swift; sourceTree = "<group>"; };
		4918A2DC2BB034D0007AF645 /* Base */ = {isa = PBXFileReference; lastKnownFileType = file.storyboard; name = Base; path = Base.lproj/Main.storyboard; sourceTree = "<group>"; };
		4918A2DF2BB034D0007AF645 /* ParentalControl_Software.xcdatamodel */ = {isa = PBXFileReference; lastKnownFileType = wrapper.xcdatamodel; path = ParentalControl_Software.xcdatamodel; sourceTree = "<group>"; };
		4918A2E12BB034D1007AF645 /* Assets.xcassets */ = {isa = PBXFileReference; lastKnownFileType = folder.assetcatalog; path = Assets.xcassets; sourceTree = "<group>"; };
		4918A2E42BB034D1007AF645 /* Base */ = {isa = PBXFileReference; lastKnownFileType = file.storyboard; name = Base; path = Base.lproj/LaunchScreen.storyboard; sourceTree = "<group>"; };
		4918A2E62BB034D1007AF645 /* Info.plist */ = {isa = PBXFileReference; lastKnownFileType = text.plist.xml; path = Info.plist; sourceTree = "<group>"; };
		4918A2EB2BB034D2007AF645 /* ParentalControl SoftwareTests.xctest */ = {isa = PBXFileReference; explicitFileType = wrapper.cfbundle; includeInIndex = 0; path = "ParentalControl SoftwareTests.xctest"; sourceTree = BUILT_PRODUCTS_DIR; };
		4918A2EF2BB034D2007AF645 /* ParentalControl_SoftwareTests.swift */ = {isa = PBXFileReference; lastKnownFileType = sourcecode.swift; path = ParentalControl_SoftwareTests.swift; sourceTree = "<group>"; };
		4918A2F52BB034D2007AF645 /* ParentalControl SoftwareUITests.xctest */ = {isa = PBXFileReference; explicitFileType = wrapper.cfbundle; includeInIndex = 0; path = "ParentalControl SoftwareUITests.xctest"; sourceTree = BUILT_PRODUCTS_DIR; };
		4918A2F92BB034D2007AF645 /* ParentalControl_SoftwareUITests.swift */ = {isa = PBXFileReference; lastKnownFileType = sourcecode.swift; path = ParentalControl_SoftwareUITests.swift; sourceTree = "<group>"; };
		4918A2FB2BB034D2007AF645 /* ParentalControl_SoftwareUITestsLaunchTests.swift */ = {isa = PBXFileReference; lastKnownFileType = sourcecode.swift; path = ParentalControl_SoftwareUITestsLaunchTests.swift; sourceTree = "<group>"; };
/* End PBXFileReference section */

/* Begin PBXFrameworksBuildPhase section */
		4918A2CF2BB034D0007AF645 /* Frameworks */ = {
			isa = PBXFrameworksBuildPhase;
			buildActionMask = 2147483647;
			files = (
			);
			runOnlyForDeploymentPostprocessing = 0;
		};
		4918A2E82BB034D2007AF645 /* Frameworks */ = {
			isa = PBXFrameworksBuildPhase;
			buildActionMask = 2147483647;
			files = (
			);
			runOnlyForDeploymentPostprocessing = 0;
		};
		4918A2F22BB034D2007AF645 /* Frameworks */ = {
			isa = PBXFrameworksBuildPhase;
			buildActionMask = 2147483647;
			files = (
			);
			runOnlyForDeploymentPostprocessing = 0;
		};
/* End PBXFrameworksBuildPhase section */

/* Begin PBXGroup section */
		4918A2C92BB034D0007AF645 = {
			isa = PBXGroup;
			children = (
				4918A2D42BB034D0007AF645 /* ParentalControl Software */,
				4918A2EE2BB034D2007AF645 /* ParentalControl SoftwareTests */,
				4918A2F82BB034D2007AF645 /* ParentalControl SoftwareUITests */,
				4918A2D32BB034D0007AF645 /* Products */,
			);
			sourceTree = "<group>";
		};
		4918A2D32BB034D0007AF645 /* Products */ = {
			isa = PBXGroup;
			children = (
				4918A2D22BB034D0007AF645 /* ParentalControl Software.app */,
				4918A2EB2BB034D2007AF645 /* ParentalControl SoftwareTests.xctest */,
				4918A2F52BB034D2007AF645 /* ParentalControl SoftwareUITests.xctest */,
			);
			name = Products;
			sourceTree = "<group>";
		};
		4918A2D42BB034D0007AF645 /* ParentalControl Software */ = {
			isa = PBXGroup;
			children = (
				4918A2D52BB034D0007AF645 /* AppDelegate.swift */,
				4918A2D72BB034D0007AF645 /* SceneDelegate.swift */,
				4918A2D92BB034D0007AF645 /* ViewController.swift */,
				4918A2DB2BB034D0007AF645 /* Main.storyboard */,
				4918A2E12BB034D1007AF645 /* Assets.xcassets */,
				4918A2E32BB034D1007AF645 /* LaunchScreen.storyboard */,
				4918A2E62BB034D1007AF645 /* Info.plist */,
				4918A2DE2BB034D0007AF645 /* ParentalControl_Software.xcdatamodeld */,
			);
			path = "ParentalControl Software";
			sourceTree = "<group>";
		};
		4918A2EE2BB034D2007AF645 /* ParentalControl SoftwareTests */ = {
			isa = PBXGroup;
			children = (
				4918A2EF2BB034D2007AF645 /* ParentalControl_SoftwareTests.swift */,
			);
			path = "ParentalControl SoftwareTests";
			sourceTree = "<group>";
		};
		4918A2F82BB034D2007AF645 /* ParentalControl SoftwareUITests */ = {
			isa = PBXGroup;
			children = (
				4918A2F92BB034D2007AF645 /* ParentalControl_SoftwareUITests.swift */,
				4918A2FB2BB034D2007AF645 /* ParentalControl_SoftwareUITestsLaunchTests.swift */,
			);
			path = "ParentalControl SoftwareUITests";
			sourceTree = "<group>";
		};
/* End PBXGroup section */

/* Begin PBXNativeTarget section */
		4918A2D12BB034D0007AF645 /* ParentalControl Software */ = {
			isa = PBXNativeTarget;
			buildConfigurationList = 4918A2FF2BB034D2007AF645 /* Build configuration list for PBXNativeTarget "ParentalControl Software" */;
			buildPhases = (
				4918A2CE2BB034D0007AF645 /* Sources */,
				4918A2CF2BB034D0007AF645 /* Frameworks */,
				4918A2D02BB034D0007AF645 /* Resources */,
			);
			buildRules = (
			);
			dependencies = (
			);
			name = "ParentalControl Software";
			productName = "ParentalControl Software";
			productReference = 4918A2D22BB034D0007AF645 /* ParentalControl Software.app */;
			productType = "com.apple.product-type.application";
		};
		4918A2EA2BB034D2007AF645 /* ParentalControl SoftwareTests */ = {
			isa = PBXNativeTarget;
			buildConfigurationList = 4918A3022BB034D2007AF645 /* Build configuration list for PBXNativeTarget "ParentalControl SoftwareTests" */;
			buildPhases = (
				4918A2E72BB034D2007AF645 /* Sources */,
				4918A2E82BB034D2007AF645 /* Frameworks */,
				4918A2E92BB034D2007AF645 /* Resources */,
			);
			buildRules = (
			);
			dependencies = (
				4918A2ED2BB034D2007AF645 /* PBXTargetDependency */,
			);
			name = "ParentalControl SoftwareTests";
			productName = "ParentalControl SoftwareTests";
			productReference = 4918A2EB2BB034D2007AF645 /* ParentalControl SoftwareTests.xctest */;
			productType = "com.apple.product-type.bundle.unit-test";
		};
		4918A2F42BB034D2007AF645 /* ParentalControl SoftwareUITests */ = {
			isa = PBXNativeTarget;
			buildConfigurationList = 4918A3052BB034D2007AF645 /* Build configuration list for PBXNativeTarget "ParentalControl SoftwareUITests" */;
			buildPhases = (
				4918A2F12BB034D2007AF645 /* Sources */,
				4918A2F22BB034D2007AF645 /* Frameworks */,
				4918A2F32BB034D2007AF645 /* Resources */,
			);
			buildRules = (
			);
			dependencies = (
				4918A2F72BB034D2007AF645 /* PBXTargetDependency */,
			);
			name = "ParentalControl SoftwareUITests";
			productName = "ParentalControl SoftwareUITests";
			productReference = 4918A2F52BB034D2007AF645 /* ParentalControl SoftwareUITests.xctest */;
			productType = "com.apple.product-type.bundle.ui-testing";
		};
/* End PBXNativeTarget section */

/* Begin PBXProject section */
		4918A2CA2BB034D0007AF645 /* Project object */ = {
			isa = PBXProject;
			attributes = {
				BuildIndependentTargetsInParallel = 1;
				LastSwiftUpdateCheck = 1510;
				LastUpgradeCheck = 1510;
				TargetAttributes = {
					4918A2D12BB034D0007AF645 = {
						CreatedOnToolsVersion = 15.1;
					};
					4918A2EA2BB034D2007AF645 = {
						CreatedOnToolsVersion = 15.1;
						TestTargetID = 4918A2D12BB034D0007AF645;
					};
					4918A2F42BB034D2007AF645 = {
						CreatedOnToolsVersion = 15.1;
						TestTargetID = 4918A2D12BB034D0007AF645;
					};
				};
			};
			buildConfigurationList = 4918A2CD2BB034D0007AF645 /* Build configuration list for PBXProject "ParentalControl Software" */;
			compatibilityVersion = "Xcode 14.0";
			developmentRegion = en;
			hasScannedForEncodings = 0;
			knownRegions = (
				en,
				Base,
			);
			mainGroup = 4918A2C92BB034D0007AF645;
			productRefGroup = 4918A2D32BB034D0007AF645 /* Products */;
			projectDirPath = "";
			projectRoot = "";
			targets = (
				4918A2D12BB034D0007AF645 /* ParentalControl Software */,
				4918A2EA2BB034D2007AF645 /* ParentalControl SoftwareTests */,
				4918A2F42BB034D2007AF645 /* ParentalControl SoftwareUITests */,
			);
		};
/* End PBXProject section */

/* Begin PBXResourcesBuildPhase section */
		4918A2D02BB034D0007AF645 /* Resources */ = {
			isa = PBXResourcesBuildPhase;
			buildActionMask = 2147483647;
			files = (
				4918A2E52BB034D1007AF645 /* LaunchScreen.storyboard in Resources */,
				4918A2E22BB034D1007AF645 /* Assets.xcassets in Resources */,
				4918A2DD2BB034D0007AF645 /* Main.storyboard in Resources */,
			);
			runOnlyForDeploymentPostprocessing = 0;
		};
		4918A2E92BB034D2007AF645 /* Resources */ = {
			isa = PBXResourcesBuildPhase;
			buildActionMask = 2147483647;
			files = (
			);
			runOnlyForDeploymentPostprocessing = 0;
		};
		4918A2F32BB034D2007AF645 /* Resources */ = {
			isa = PBXResourcesBuildPhase;
			buildActionMask = 2147483647;
			files = (
			);
			runOnlyForDeploymentPostprocessing = 0;
		};
/* End PBXResourcesBuildPhase section */

/* Begin PBXSourcesBuildPhase section */
		4918A2CE2BB034D0007AF645 /* Sources */ = {
			isa = PBXSourcesBuildPhase;
			buildActionMask = 2147483647;
			files = (
				4918A2DA2BB034D0007AF645 /* ViewController.swift in Sources */,
				4918A2D62BB034D0007AF645 /* AppDelegate.swift in Sources */,
				4918A2D82BB034D0007AF645 /* SceneDelegate.swift in Sources */,
				4918A2E02BB034D0007AF645 /* ParentalControl_Software.xcdatamodeld in Sources */,
			);
			runOnlyForDeploymentPostprocessing = 0;
		};
		4918A2E72BB034D2007AF645 /* Sources */ = {
			isa = PBXSourcesBuildPhase;
			buildActionMask = 2147483647;
			files = (
				4918A2F02BB034D2007AF645 /* ParentalControl_SoftwareTests.swift in Sources */,
			);
			runOnlyForDeploymentPostprocessing = 0;
		};
		4918A2F12BB034D2007AF645 /* Sources */ = {
			isa = PBXSourcesBuildPhase;
			buildActionMask = 2147483647;
			files = (
				4918A2FC2BB034D2007AF645 /* ParentalControl_SoftwareUITestsLaunchTests.swift in Sources */,
				4918A2FA2BB034D2007AF645 /* ParentalControl_SoftwareUITests.swift in Sources */,
			);
			runOnlyForDeploymentPostprocessing = 0;
		};
/* End PBXSourcesBuildPhase section */

/* Begin PBXTargetDependency section */
		4918A2ED2BB034D2007AF645 /* PBXTargetDependency */ = {
			isa = PBXTargetDependency;
			target = 4918A2D12BB034D0007AF645 /* ParentalControl Software */;
			targetProxy = 4918A2EC2BB034D2007AF645 /* PBXContainerItemProxy */;
		};
		4918A2F72BB034D2007AF645 /* PBXTargetDependency */ = {
			isa = PBXTargetDependency;
			target = 4918A2D12BB034D0007AF645 /* ParentalControl Software */;
			targetProxy = 4918A2F62BB034D2007AF645 /* PBXContainerItemProxy */;
		};
/* End PBXTargetDependency section */

/* Begin PBXVariantGroup section */
		4918A2DB2BB034D0007AF645 /* Main.storyboard */ = {
			isa = PBXVariantGroup;
			children = (
				4918A2DC2BB034D0007AF645 /* Base */,
			);
			name = Main.storyboard;
			sourceTree = "<group>";
		};
		4918A2E32BB034D1007AF645 /* LaunchScreen.storyboard */ = {
			isa = PBXVariantGroup;
			children = (
				4918A2E42BB034D1007AF645 /* Base */,
			);
			name = LaunchScreen.storyboard;
			sourceTree = "<group>";
		};
/* End PBXVariantGroup section */

/* Begin XCBuildConfiguration section */
		4918A2FD2BB034D2007AF645 /* Debug */ = {
			isa = XCBuildConfiguration;
			buildSettings = {
				ALWAYS_SEARCH_USER_PATHS = NO;
				ASSETCATALOG_COMPILER_GENERATE_SWIFT_ASSET_SYMBOL_EXTENSIONS = YES;
				CLANG_ANALYZER_NONNULL = YES;
				CLANG_ANALYZER_NUMBER_OBJECT_CONVERSION = YES_AGGRESSIVE;
				CLANG_CXX_LANGUAGE_STANDARD = "gnu++20";
				CLANG_ENABLE_MODULES = YES;
				CLANG_ENABLE_OBJC_ARC = YES;
				CLANG_ENABLE_OBJC_WEAK = YES;
				CLANG_WARN_BLOCK_CAPTURE_AUTORELEASING = YES;
				CLANG_WARN_BOOL_CONVERSION = YES;
				CLANG_WARN_COMMA = YES;
				CLANG_WARN_CONSTANT_CONVERSION = YES;
				CLANG_WARN_DEPRECATED_OBJC_IMPLEMENTATIONS = YES;
				CLANG_WARN_DIRECT_OBJC_ISA_USAGE = YES_ERROR;
				CLANG_WARN_DOCUMENTATION_COMMENTS = YES;
				CLANG_WARN_EMPTY_BODY = YES;
				CLANG_WARN_ENUM_CONVERSION = YES;
				CLANG_WARN_INFINITE_RECURSION = YES;
				CLANG_WARN_INT_CONVERSION = YES;
				CLANG_WARN_NON_LITERAL_NULL_CONVERSION = YES;
				CLANG_WARN_OBJC_IMPLICIT_RETAIN_SELF = YES;
				CLANG_WARN_OBJC_LITERAL_CONVERSION = YES;
				CLANG_WARN_OBJC_ROOT_CLASS = YES_ERROR;
				CLANG_WARN_QUOTED_INCLUDE_IN_FRAMEWORK_HEADER = YES;
				CLANG_WARN_RANGE_LOOP_ANALYSIS = YES;
				CLANG_WARN_STRICT_PROTOTYPES = YES;
				CLANG_WARN_SUSPICIOUS_MOVE = YES;
				CLANG_WARN_UNGUARDED_AVAILABILITY = YES_AGGRESSIVE;
				CLANG_WARN_UNREACHABLE_CODE = YES;
				CLANG_WARN__DUPLICATE_METHOD_MATCH = YES;
				COPY_PHASE_STRIP = NO;
				DEBUG_INFORMATION_FORMAT = dwarf;
				ENABLE_STRICT_OBJC_MSGSEND = YES;
				ENABLE_TESTABILITY = YES;
				ENABLE_USER_SCRIPT_SANDBOXING = YES;
				GCC_C_LANGUAGE_STANDARD = gnu17;
				GCC_DYNAMIC_NO_PIC = NO;
				GCC_NO_COMMON_BLOCKS = YES;
				GCC_OPTIMIZATION_LEVEL = 0;
				GCC_PREPROCESSOR_DEFINITIONS = (
					"DEBUG=1",
					"$(inherited)",
				);
				GCC_WARN_64_TO_32_BIT_CONVERSION = YES;
				GCC_WARN_ABOUT_RETURN_TYPE = YES_ERROR;
				GCC_WARN_UNDECLARED_SELECTOR = YES;
				GCC_WARN_UNINITIALIZED_AUTOS = YES_AGGRESSIVE;
				GCC_WARN_UNUSED_FUNCTION = YES;
				GCC_WARN_UNUSED_VARIABLE = YES;
				IPHONEOS_DEPLOYMENT_TARGET = 17.2;
				LOCALIZATION_PREFERS_STRING_CATALOGS = YES;
				MTL_ENABLE_DEBUG_INFO = INCLUDE_SOURCE;
				MTL_FAST_MATH = YES;
				ONLY_ACTIVE_ARCH = YES;
				SDKROOT = iphoneos;
				SWIFT_ACTIVE_COMPILATION_CONDITIONS = "DEBUG $(inherited)";
				SWIFT_OPTIMIZATION_LEVEL = "-Onone";
			};
			name = Debug;
		};
		4918A2FE2BB034D2007AF645 /* Release */ = {
			isa = XCBuildConfiguration;
			buildSettings = {
				ALWAYS_SEARCH_USER_PATHS = NO;
				ASSETCATALOG_COMPILER_GENERATE_SWIFT_ASSET_SYMBOL_EXTENSIONS = YES;
				CLANG_ANALYZER_NONNULL = YES;
				CLANG_ANALYZER_NUMBER_OBJECT_CONVERSION = YES_AGGRESSIVE;
				CLANG_CXX_LANGUAGE_STANDARD = "gnu++20";
				CLANG_ENABLE_MODULES = YES;
				CLANG_ENABLE_OBJC_ARC = YES;
				CLANG_ENABLE_OBJC_WEAK = YES;
				CLANG_WARN_BLOCK_CAPTURE_AUTORELEASING = YES;
				CLANG_WARN_BOOL_CONVERSION = YES;
				CLANG_WARN_COMMA = YES;
				CLANG_WARN_CONSTANT_CONVERSION = YES;
				CLANG_WARN_DEPRECATED_OBJC_IMPLEMENTATIONS = YES;
				CLANG_WARN_DIRECT_OBJC_ISA_USAGE = YES_ERROR;
				CLANG_WARN_DOCUMENTATION_COMMENTS = YES;
				CLANG_WARN_EMPTY_BODY = YES;
				CLANG_WARN_ENUM_CONVERSION = YES;
				CLANG_WARN_INFINITE_RECURSION = YES;
				CLANG_WARN_INT_CONVERSION = YES;
				CLANG_WARN_NON_LITERAL_NULL_CONVERSION = YES;
				CLANG_WARN_OBJC_IMPLICIT_RETAIN_SELF = YES;
				CLANG_WARN_OBJC_LITERAL_CONVERSION = YES;
				CLANG_WARN_OBJC_ROOT_CLASS = YES_ERROR;
				CLANG_WARN_QUOTED_INCLUDE_IN_FRAMEWORK_HEADER = YES;
				CLANG_WARN_RANGE_LOOP_ANALYSIS = YES;
				CLANG_WARN_STRICT_PROTOTYPES = YES;
				CLANG_WARN_SUSPICIOUS_MOVE = YES;
				CLANG_WARN_UNGUARDED_AVAILABILITY = YES_AGGRESSIVE;
				CLANG_WARN_UNREACHABLE_CODE = YES;
				CLANG_WARN__DUPLICATE_METHOD_MATCH = YES;
				COPY_PHASE_STRIP = NO;
				DEBUG_INFORMATION_FORMAT = "dwarf-with-dsym";
				ENABLE_NS_ASSERTIONS = NO;
				ENABLE_STRICT_OBJC_MSGSEND = YES;
				ENABLE_USER_SCRIPT_SANDBOXING = YES;
				GCC_C_LANGUAGE_STANDARD = gnu17;
				GCC_NO_COMMON_BLOCKS = YES;
				GCC_WARN_64_TO_32_BIT_CONVERSION = YES;
				GCC_WARN_ABOUT_RETURN_TYPE = YES_ERROR;
				GCC_WARN_UNDECLARED_SELECTOR = YES;
				GCC_WARN_UNINITIALIZED_AUTOS = YES_AGGRESSIVE;
				GCC_WARN_UNUSED_FUNCTION = YES;
				GCC_WARN_UNUSED_VARIABLE = YES;
				IPHONEOS_DEPLOYMENT_TARGET = 17.2;
				LOCALIZATION_PREFERS_STRING_CATALOGS = YES;
				MTL_ENABLE_DEBUG_INFO = NO;
				MTL_FAST_MATH = YES;
				SDKROOT = iphoneos;
				SWIFT_COMPILATION_MODE = wholemodule;
				VALIDATE_PRODUCT = YES;
			};
			name = Release;
		};
		4918A3002BB034D2007AF645 /* Debug */ = {
			isa = XCBuildConfiguration;
			buildSettings = {
				ASSETCATALOG_COMPILER_APPICON_NAME = AppIcon;
				ASSETCATALOG_COMPILER_GLOBAL_ACCENT_COLOR_NAME = AccentColor;
				CODE_SIGN_STYLE = Automatic;
				CURRENT_PROJECT_VERSION = 1;
				DEVELOPMENT_TEAM = NNXP2RXWU7;
				GENERATE_INFOPLIST_FILE = YES;
				INFOPLIST_FILE = "ParentalControl Software/Info.plist";
				INFOPLIST_KEY_UIApplicationSupportsIndirectInputEvents = YES;
				INFOPLIST_KEY_UILaunchStoryboardName = LaunchScreen;
				INFOPLIST_KEY_UIMainStoryboardFile = Main;
				INFOPLIST_KEY_UISupportedInterfaceOrientations_iPad = "UIInterfaceOrientationPortrait UIInterfaceOrientationPortraitUpsideDown UIInterfaceOrientationLandscapeLeft UIInterfaceOrientationLandscapeRight";
				INFOPLIST_KEY_UISupportedInterfaceOrientations_iPhone = "UIInterfaceOrientationPortrait UIInterfaceOrientationLandscapeLeft UIInterfaceOrientationLandscapeRight";
				LD_RUNPATH_SEARCH_PATHS = (
					"$(inherited)",
					"@executable_path/Frameworks",
				);
				MARKETING_VERSION = 1.0;
				PRODUCT_BUNDLE_IDENTIFIER = "com.cloudtechservice.ParentalControl-Software";
				PRODUCT_NAME = "$(TARGET_NAME)";
				SWIFT_EMIT_LOC_STRINGS = YES;
				SWIFT_VERSION = 5.0;
				TARGETED_DEVICE_FAMILY = "1,2";
			};
			name = Debug;
		};
		4918A3012BB034D2007AF645 /* Release */ = {
			isa = XCBuildConfiguration;
			buildSettings = {
				ASSETCATALOG_COMPILER_APPICON_NAME = AppIcon;
				ASSETCATALOG_COMPILER_GLOBAL_ACCENT_COLOR_NAME = AccentColor;
				CODE_SIGN_STYLE = Automatic;
				CURRENT_PROJECT_VERSION = 1;
				DEVELOPMENT_TEAM = NNXP2RXWU7;
				GENERATE_INFOPLIST_FILE = YES;
				INFOPLIST_FILE = "ParentalControl Software/Info.plist";
				INFOPLIST_KEY_UIApplicationSupportsIndirectInputEvents = YES;
				INFOPLIST_KEY_UILaunchStoryboardName = LaunchScreen;
				INFOPLIST_KEY_UIMainStoryboardFile = Main;
				INFOPLIST_KEY_UISupportedInterfaceOrientations_iPad = "UIInterfaceOrientationPortrait UIInterfaceOrientationPortraitUpsideDown UIInterfaceOrientationLandscapeLeft UIInterfaceOrientationLandscapeRight";
				INFOPLIST_KEY_UISupportedInterfaceOrientations_iPhone = "UIInterfaceOrientationPortrait UIInterfaceOrientationLandscapeLeft UIInterfaceOrientationLandscapeRight";
				LD_RUNPATH_SEARCH_PATHS = (
					"$(inherited)",
					"@executable_path/Frameworks",
				);
				MARKETING_VERSION = 1.0;
				PRODUCT_BUNDLE_IDENTIFIER = "com.cloudtechservice.ParentalControl-Software";
				PRODUCT_NAME = "$(TARGET_NAME)";
				SWIFT_EMIT_LOC_STRINGS = YES;
				SWIFT_VERSION = 5.0;
				TARGETED_DEVICE_FAMILY = "1,2";
			};
			name = Release;
		};
		4918A3032BB034D2007AF645 /* Debug */ = {
			isa = XCBuildConfiguration;
			buildSettings = {
				ALWAYS_EMBED_SWIFT_STANDARD_LIBRARIES = YES;
				BUNDLE_LOADER = "$(TEST_HOST)";
				CODE_SIGN_STYLE = Automatic;
				CURRENT_PROJECT_VERSION = 1;
				DEVELOPMENT_TEAM = NNXP2RXWU7;
				GENERATE_INFOPLIST_FILE = YES;
				IPHONEOS_DEPLOYMENT_TARGET = 17.2;
				MARKETING_VERSION = 1.0;
				PRODUCT_BUNDLE_IDENTIFIER = "com.cloudtechservice.ParentalControl-SoftwareTests";
				PRODUCT_NAME = "$(TARGET_NAME)";
				SWIFT_EMIT_LOC_STRINGS = NO;
				SWIFT_VERSION = 5.0;
				TARGETED_DEVICE_FAMILY = "1,2";
				TEST_HOST = "$(BUILT_PRODUCTS_DIR)/ParentalControl Software.app/$(BUNDLE_EXECUTABLE_FOLDER_PATH)/ParentalControl Software";
			};
			name = Debug;
		};
		4918A3042BB034D2007AF645 /* Release */ = {
			isa = XCBuildConfiguration;
			buildSettings = {
				ALWAYS_EMBED_SWIFT_STANDARD_LIBRARIES = YES;
				BUNDLE_LOADER = "$(TEST_HOST)";
				CODE_SIGN_STYLE = Automatic;
				CURRENT_PROJECT_VERSION = 1;
				DEVELOPMENT_TEAM = NNXP2RXWU7;
				GENERATE_INFOPLIST_FILE = YES;
				IPHONEOS_DEPLOYMENT_TARGET = 17.2;
				MARKETING_VERSION = 1.0;
				PRODUCT_BUNDLE_IDENTIFIER = "com.cloudtechservice.ParentalControl-SoftwareTests";
				PRODUCT_NAME = "$(TARGET_NAME)";
				SWIFT_EMIT_LOC_STRINGS = NO;
				SWIFT_VERSION = 5.0;
				TARGETED_DEVICE_FAMILY = "1,2";
				TEST_HOST = "$(BUILT_PRODUCTS_DIR)/ParentalControl Software.app/$(BUNDLE_EXECUTABLE_FOLDER_PATH)/ParentalControl Software";
			};
			name = Release;
		};
		4918A3062BB034D2007AF645 /* Debug */ = {
			isa = XCBuildConfiguration;
			buildSettings = {
				ALWAYS_EMBED_SWIFT_STANDARD_LIBRARIES = YES;
				CODE_SIGN_STYLE = Automatic;
				CURRENT_PROJECT_VERSION = 1;
				DEVELOPMENT_TEAM = NNXP2RXWU7;
				GENERATE_INFOPLIST_FILE = YES;
				MARKETING_VERSION = 1.0;
				PRODUCT_BUNDLE_IDENTIFIER = "com.cloudtechservice.ParentalControl-SoftwareUITests";
				PRODUCT_NAME = "$(TARGET_NAME)";
				SWIFT_EMIT_LOC_STRINGS = NO;
				SWIFT_VERSION = 5.0;
				TARGETED_DEVICE_FAMILY = "1,2";
				TEST_TARGET_NAME = "ParentalControl Software";
			};
			name = Debug;
		};
		4918A3072BB034D2007AF645 /* Release */ = {
			isa = XCBuildConfiguration;
			buildSettings = {
				ALWAYS_EMBED_SWIFT_STANDARD_LIBRARIES = YES;
				CODE_SIGN_STYLE = Automatic;
				CURRENT_PROJECT_VERSION = 1;
				DEVELOPMENT_TEAM = NNXP2RXWU7;
				GENERATE_INFOPLIST_FILE = YES;
				MARKETING_VERSION = 1.0;
				PRODUCT_BUNDLE_IDENTIFIER = "com.cloudtechservice.ParentalControl-SoftwareUITests";
				PRODUCT_NAME = "$(TARGET_NAME)";
				SWIFT_EMIT_LOC_STRINGS = NO;
				SWIFT_VERSION = 5.0;
				TARGETED_DEVICE_FAMILY = "1,2";
				TEST_TARGET_NAME = "ParentalControl Software";
			};
			name = Release;
		};
/* End XCBuildConfiguration section */

/* Begin XCConfigurationList section */
		4918A2CD2BB034D0007AF645 /* Build configuration list for PBXProject "ParentalControl Software" */ = {
			isa = XCConfigurationList;
			buildConfigurations = (
				4918A2FD2BB034D2007AF645 /* Debug */,
				4918A2FE2BB034D2007AF645 /* Release */,
			);
			defaultConfigurationIsVisible = 0;
			defaultConfigurationName = Release;
		};
		4918A2FF2BB034D2007AF645 /* Build configuration list for PBXNativeTarget "ParentalControl Software" */ = {
			isa = XCConfigurationList;
			buildConfigurations = (
				4918A3002BB034D2007AF645 /* Debug */,
				4918A3012BB034D2007AF645 /* Release */,
			);
			defaultConfigurationIsVisible = 0;
			defaultConfigurationName = Release;
		};
		4918A3022BB034D2007AF645 /* Build configuration list for PBXNativeTarget "ParentalControl SoftwareTests" */ = {
			isa = XCConfigurationList;
			buildConfigurations = (
				4918A3032BB034D2007AF645 /* Debug */,
				4918A3042BB034D2007AF645 /* Release */,
			);
			defaultConfigurationIsVisible = 0;
			defaultConfigurationName = Release;
		};
		4918A3052BB034D2007AF645 /* Build configuration list for PBXNativeTarget "ParentalControl SoftwareUITests" */ = {
			isa = XCConfigurationList;
			buildConfigurations = (
				4918A3062BB034D2007AF645 /* Debug */,
				4918A3072BB034D2007AF645 /* Release */,
			);
			defaultConfigurationIsVisible = 0;
			defaultConfigurationName = Release;
		};
/* End XCConfigurationList section */

/* Begin XCVersionGroup section */
		4918A2DE2BB034D0007AF645 /* ParentalControl_Software.xcdatamodeld */ = {
			isa = XCVersionGroup;
			children = (
				4918A2DF2BB034D0007AF645 /* ParentalControl_Software.xcdatamodel */,
			);
			currentVersion = 4918A2DF2BB034D0007AF645 /* ParentalControl_Software.xcdatamodel */;
			path = ParentalControl_Software.xcdatamodeld;
			sourceTree = "<group>";
			versionGroupType = wrapper.xcdatamodel;
		};
/* End XCVersionGroup section */
	};
	rootObject = 4918A2CA2BB034D0007AF645 /* Project object */;
}
